// !$*UTF8*$!
{
	archiveVersion = 1;
	classes = {
	};
	objectVersion = 56;
	objects = {

/* Begin PBXBuildFile section */
		AB414F8A29EEE97100465A92 /* ViewModel.swift in Sources */ = {isa = PBXBuildFile; fileRef = AB414F8929EEE97100465A92 /* ViewModel.swift */; };
		AB8A0C4529EE884F003C88FA /* swiftui_showcase_unittestApp.swift in Sources */ = {isa = PBXBuildFile; fileRef = AB8A0C4429EE884F003C88FA /* swiftui_showcase_unittestApp.swift */; };
		AB8A0C4729EE884F003C88FA /* ContentView.swift in Sources */ = {isa = PBXBuildFile; fileRef = AB8A0C4629EE884F003C88FA /* ContentView.swift */; };
		AB8A0C4929EE8850003C88FA /* Assets.xcassets in Resources */ = {isa = PBXBuildFile; fileRef = AB8A0C4829EE8850003C88FA /* Assets.xcassets */; };
		AB8A0C4C29EE8850003C88FA /* Preview Assets.xcassets in Resources */ = {isa = PBXBuildFile; fileRef = AB8A0C4B29EE8850003C88FA /* Preview Assets.xcassets */; };
		AB8A0C5629EE8850003C88FA /* swiftui_showcase_unittestTests.swift in Sources */ = {isa = PBXBuildFile; fileRef = AB8A0C5529EE8850003C88FA /* swiftui_showcase_unittestTests.swift */; };
		AB8A0C6029EE8850003C88FA /* swiftui_showcase_unittestUITests.swift in Sources */ = {isa = PBXBuildFile; fileRef = AB8A0C5F29EE8850003C88FA /* swiftui_showcase_unittestUITests.swift */; };
		AB8A0C6229EE8850003C88FA /* swiftui_showcase_unittestUITestsLaunchTests.swift in Sources */ = {isa = PBXBuildFile; fileRef = AB8A0C6129EE8850003C88FA /* swiftui_showcase_unittestUITestsLaunchTests.swift */; };
/* End PBXBuildFile section */

/* Begin PBXContainerItemProxy section */
		AB8A0C5229EE8850003C88FA /* PBXContainerItemProxy */ = {
			isa = PBXContainerItemProxy;
			containerPortal = AB8A0C3929EE884F003C88FA /* Project object */;
			proxyType = 1;
			remoteGlobalIDString = AB8A0C4029EE884F003C88FA;
			remoteInfo = "swiftui-showcase-unittest";
		};
		AB8A0C5C29EE8850003C88FA /* PBXContainerItemProxy */ = {
			isa = PBXContainerItemProxy;
			containerPortal = AB8A0C3929EE884F003C88FA /* Project object */;
			proxyType = 1;
			remoteGlobalIDString = AB8A0C4029EE884F003C88FA;
			remoteInfo = "swiftui-showcase-unittest";
		};
/* End PBXContainerItemProxy section */

/* Begin PBXFileReference section */
		AB414F8929EEE97100465A92 /* ViewModel.swift */ = {isa = PBXFileReference; lastKnownFileType = sourcecode.swift; path = ViewModel.swift; sourceTree = "<group>"; };
		AB8A0C4129EE884F003C88FA /* swiftui-showcase-unittest.app */ = {isa = PBXFileReference; explicitFileType = wrapper.application; includeInIndex = 0; path = "swiftui-showcase-unittest.app"; sourceTree = BUILT_PRODUCTS_DIR; };
		AB8A0C4429EE884F003C88FA /* swiftui_showcase_unittestApp.swift */ = {isa = PBXFileReference; lastKnownFileType = sourcecode.swift; path = swiftui_showcase_unittestApp.swift; sourceTree = "<group>"; };
		AB8A0C4629EE884F003C88FA /* ContentView.swift */ = {isa = PBXFileReference; lastKnownFileType = sourcecode.swift; path = ContentView.swift; sourceTree = "<group>"; };
		AB8A0C4829EE8850003C88FA /* Assets.xcassets */ = {isa = PBXFileReference; lastKnownFileType = folder.assetcatalog; path = Assets.xcassets; sourceTree = "<group>"; };
		AB8A0C4B29EE8850003C88FA /* Preview Assets.xcassets */ = {isa = PBXFileReference; lastKnownFileType = folder.assetcatalog; path = "Preview Assets.xcassets"; sourceTree = "<group>"; };
		AB8A0C5129EE8850003C88FA /* swiftui-showcase-unittestTests.xctest */ = {isa = PBXFileReference; explicitFileType = wrapper.cfbundle; includeInIndex = 0; path = "swiftui-showcase-unittestTests.xctest"; sourceTree = BUILT_PRODUCTS_DIR; };
		AB8A0C5529EE8850003C88FA /* swiftui_showcase_unittestTests.swift */ = {isa = PBXFileReference; lastKnownFileType = sourcecode.swift; path = swiftui_showcase_unittestTests.swift; sourceTree = "<group>"; };
		AB8A0C5B29EE8850003C88FA /* swiftui-showcase-unittestUITests.xctest */ = {isa = PBXFileReference; explicitFileType = wrapper.cfbundle; includeInIndex = 0; path = "swiftui-showcase-unittestUITests.xctest"; sourceTree = BUILT_PRODUCTS_DIR; };
		AB8A0C5F29EE8850003C88FA /* swiftui_showcase_unittestUITests.swift */ = {isa = PBXFileReference; lastKnownFileType = sourcecode.swift; path = swiftui_showcase_unittestUITests.swift; sourceTree = "<group>"; };
		AB8A0C6129EE8850003C88FA /* swiftui_showcase_unittestUITestsLaunchTests.swift */ = {isa = PBXFileReference; lastKnownFileType = sourcecode.swift; path = swiftui_showcase_unittestUITestsLaunchTests.swift; sourceTree = "<group>"; };
/* End PBXFileReference section */

/* Begin PBXFrameworksBuildPhase section */
		AB8A0C3E29EE884F003C88FA /* Frameworks */ = {
			isa = PBXFrameworksBuildPhase;
			buildActionMask = 2147483647;
			files = (
			);
			runOnlyForDeploymentPostprocessing = 0;
		};
		AB8A0C4E29EE8850003C88FA /* Frameworks */ = {
			isa = PBXFrameworksBuildPhase;
			buildActionMask = 2147483647;
			files = (
			);
			runOnlyForDeploymentPostprocessing = 0;
		};
		AB8A0C5829EE8850003C88FA /* Frameworks */ = {
			isa = PBXFrameworksBuildPhase;
			buildActionMask = 2147483647;
			files = (
			);
			runOnlyForDeploymentPostprocessing = 0;
		};
/* End PBXFrameworksBuildPhase section */

/* Begin PBXGroup section */
		AB8A0C3829EE884F003C88FA = {
			isa = PBXGroup;
			children = (
				AB8A0C4329EE884F003C88FA /* swiftui-showcase-unittest */,
				AB8A0C5429EE8850003C88FA /* swiftui-showcase-unittestTests */,
				AB8A0C5E29EE8850003C88FA /* swiftui-showcase-unittestUITests */,
				AB8A0C4229EE884F003C88FA /* Products */,
			);
			sourceTree = "<group>";
		};
		AB8A0C4229EE884F003C88FA /* Products */ = {
			isa = PBXGroup;
			children = (
				AB8A0C4129EE884F003C88FA /* swiftui-showcase-unittest.app */,
				AB8A0C5129EE8850003C88FA /* swiftui-showcase-unittestTests.xctest */,
				AB8A0C5B29EE8850003C88FA /* swiftui-showcase-unittestUITests.xctest */,
			);
			name = Products;
			sourceTree = "<group>";
		};
		AB8A0C4329EE884F003C88FA /* swiftui-showcase-unittest */ = {
			isa = PBXGroup;
			children = (
				AB8A0C4429EE884F003C88FA /* swiftui_showcase_unittestApp.swift */,
				AB8A0C4629EE884F003C88FA /* ContentView.swift */,
				AB414F8929EEE97100465A92 /* ViewModel.swift */,
				AB8A0C4829EE8850003C88FA /* Assets.xcassets */,
				AB8A0C4A29EE8850003C88FA /* Preview Content */,
			);
			path = "swiftui-showcase-unittest";
			sourceTree = "<group>";
		};
		AB8A0C4A29EE8850003C88FA /* Preview Content */ = {
			isa = PBXGroup;
			children = (
				AB8A0C4B29EE8850003C88FA /* Preview Assets.xcassets */,
			);
			path = "Preview Content";
			sourceTree = "<group>";
		};
		AB8A0C5429EE8850003C88FA /* swiftui-showcase-unittestTests */ = {
			isa = PBXGroup;
			children = (
				AB8A0C5529EE8850003C88FA /* swiftui_showcase_unittestTests.swift */,
			);
			path = "swiftui-showcase-unittestTests";
			sourceTree = "<group>";
		};
		AB8A0C5E29EE8850003C88FA /* swiftui-showcase-unittestUITests */ = {
			isa = PBXGroup;
			children = (
				AB8A0C5F29EE8850003C88FA /* swiftui_showcase_unittestUITests.swift */,
				AB8A0C6129EE8850003C88FA /* swiftui_showcase_unittestUITestsLaunchTests.swift */,
			);
			path = "swiftui-showcase-unittestUITests";
			sourceTree = "<group>";
		};
/* End PBXGroup section */

/* Begin PBXNativeTarget section */
		AB8A0C4029EE884F003C88FA /* swiftui-showcase-unittest */ = {
			isa = PBXNativeTarget;
			buildConfigurationList = AB8A0C6529EE8850003C88FA /* Build configuration list for PBXNativeTarget "swiftui-showcase-unittest" */;
			buildPhases = (
				AB8A0C3D29EE884F003C88FA /* Sources */,
				AB8A0C3E29EE884F003C88FA /* Frameworks */,
				AB8A0C3F29EE884F003C88FA /* Resources */,
			);
			buildRules = (
			);
			dependencies = (
			);
			name = "swiftui-showcase-unittest";
			productName = "swiftui-showcase-unittest";
			productReference = AB8A0C4129EE884F003C88FA /* swiftui-showcase-unittest.app */;
			productType = "com.apple.product-type.application";
		};
		AB8A0C5029EE8850003C88FA /* swiftui-showcase-unittestTests */ = {
			isa = PBXNativeTarget;
			buildConfigurationList = AB8A0C6829EE8850003C88FA /* Build configuration list for PBXNativeTarget "swiftui-showcase-unittestTests" */;
			buildPhases = (
				AB8A0C4D29EE8850003C88FA /* Sources */,
				AB8A0C4E29EE8850003C88FA /* Frameworks */,
				AB8A0C4F29EE8850003C88FA /* Resources */,
			);
			buildRules = (
			);
			dependencies = (
				AB8A0C5329EE8850003C88FA /* PBXTargetDependency */,
			);
			name = "swiftui-showcase-unittestTests";
			productName = "swiftui-showcase-unittestTests";
			productReference = AB8A0C5129EE8850003C88FA /* swiftui-showcase-unittestTests.xctest */;
			productType = "com.apple.product-type.bundle.unit-test";
		};
		AB8A0C5A29EE8850003C88FA /* swiftui-showcase-unittestUITests */ = {
			isa = PBXNativeTarget;
			buildConfigurationList = AB8A0C6B29EE8850003C88FA /* Build configuration list for PBXNativeTarget "swiftui-showcase-unittestUITests" */;
			buildPhases = (
				AB8A0C5729EE8850003C88FA /* Sources */,
				AB8A0C5829EE8850003C88FA /* Frameworks */,
				AB8A0C5929EE8850003C88FA /* Resources */,
			);
			buildRules = (
			);
			dependencies = (
				AB8A0C5D29EE8850003C88FA /* PBXTargetDependency */,
			);
			name = "swiftui-showcase-unittestUITests";
			productName = "swiftui-showcase-unittestUITests";
			productReference = AB8A0C5B29EE8850003C88FA /* swiftui-showcase-unittestUITests.xctest */;
			productType = "com.apple.product-type.bundle.ui-testing";
		};
/* End PBXNativeTarget section */

/* Begin PBXProject section */
		AB8A0C3929EE884F003C88FA /* Project object */ = {
			isa = PBXProject;
			attributes = {
				BuildIndependentTargetsInParallel = 1;
				LastSwiftUpdateCheck = 1410;
				LastUpgradeCheck = 1410;
				TargetAttributes = {
					AB8A0C4029EE884F003C88FA = {
						CreatedOnToolsVersion = 14.1;
					};
					AB8A0C5029EE8850003C88FA = {
						CreatedOnToolsVersion = 14.1;
						TestTargetID = AB8A0C4029EE884F003C88FA;
					};
					AB8A0C5A29EE8850003C88FA = {
						CreatedOnToolsVersion = 14.1;
						TestTargetID = AB8A0C4029EE884F003C88FA;
					};
				};
			};
			buildConfigurationList = AB8A0C3C29EE884F003C88FA /* Build configuration list for PBXProject "swiftui-showcase-unittest" */;
			compatibilityVersion = "Xcode 14.0";
			developmentRegion = en;
			hasScannedForEncodings = 0;
			knownRegions = (
				en,
				Base,
			);
			mainGroup = AB8A0C3829EE884F003C88FA;
			productRefGroup = AB8A0C4229EE884F003C88FA /* Products */;
			projectDirPath = "";
			projectRoot = "";
			targets = (
				AB8A0C4029EE884F003C88FA /* swiftui-showcase-unittest */,
				AB8A0C5029EE8850003C88FA /* swiftui-showcase-unittestTests */,
				AB8A0C5A29EE8850003C88FA /* swiftui-showcase-unittestUITests */,
			);
		};
/* End PBXProject section */

/* Begin PBXResourcesBuildPhase section */
		AB8A0C3F29EE884F003C88FA /* Resources */ = {
			isa = PBXResourcesBuildPhase;
			buildActionMask = 2147483647;
			files = (
				AB8A0C4C29EE8850003C88FA /* Preview Assets.xcassets in Resources */,
				AB8A0C4929EE8850003C88FA /* Assets.xcassets in Resources */,
			);
			runOnlyForDeploymentPostprocessing = 0;
		};
		AB8A0C4F29EE8850003C88FA /* Resources */ = {
			isa = PBXResourcesBuildPhase;
			buildActionMask = 2147483647;
			files = (
			);
			runOnlyForDeploymentPostprocessing = 0;
		};
		AB8A0C5929EE8850003C88FA /* Resources */ = {
			isa = PBXResourcesBuildPhase;
			buildActionMask = 2147483647;
			files = (
			);
			runOnlyForDeploymentPostprocessing = 0;
		};
/* End PBXResourcesBuildPhase section */

/* Begin PBXSourcesBuildPhase section */
		AB8A0C3D29EE884F003C88FA /* Sources */ = {
			isa = PBXSourcesBuildPhase;
			buildActionMask = 2147483647;
			files = (
				AB8A0C4729EE884F003C88FA /* ContentView.swift in Sources */,
				AB414F8A29EEE97100465A92 /* ViewModel.swift in Sources */,
				AB8A0C4529EE884F003C88FA /* swiftui_showcase_unittestApp.swift in Sources */,
			);
			runOnlyForDeploymentPostprocessing = 0;
		};
		AB8A0C4D29EE8850003C88FA /* Sources */ = {
			isa = PBXSourcesBuildPhase;
			buildActionMask = 2147483647;
			files = (
				AB8A0C5629EE8850003C88FA /* swiftui_showcase_unittestTests.swift in Sources */,
			);
			runOnlyForDeploymentPostprocessing = 0;
		};
		AB8A0C5729EE8850003C88FA /* Sources */ = {
			isa = PBXSourcesBuildPhase;
			buildActionMask = 2147483647;
			files = (
				AB8A0C6029EE8850003C88FA /* swiftui_showcase_unittestUITests.swift in Sources */,
				AB8A0C6229EE8850003C88FA /* swiftui_showcase_unittestUITestsLaunchTests.swift in Sources */,
			);
			runOnlyForDeploymentPostprocessing = 0;
		};
/* End PBXSourcesBuildPhase section */

/* Begin PBXTargetDependency section */
		AB8A0C5329EE8850003C88FA /* PBXTargetDependency */ = {
			isa = PBXTargetDependency;
			target = AB8A0C4029EE884F003C88FA /* swiftui-showcase-unittest */;
			targetProxy = AB8A0C5229EE8850003C88FA /* PBXContainerItemProxy */;
		};
		AB8A0C5D29EE8850003C88FA /* PBXTargetDependency */ = {
			isa = PBXTargetDependency;
			target = AB8A0C4029EE884F003C88FA /* swiftui-showcase-unittest */;
			targetProxy = AB8A0C5C29EE8850003C88FA /* PBXContainerItemProxy */;
		};
/* End PBXTargetDependency section */

/* Begin XCBuildConfiguration section */
		AB8A0C6329EE8850003C88FA /* Debug */ = {
			isa = XCBuildConfiguration;
			buildSettings = {
				ALWAYS_SEARCH_USER_PATHS = NO;
				CLANG_ANALYZER_NONNULL = YES;
				CLANG_ANALYZER_NUMBER_OBJECT_CONVERSION = YES_AGGRESSIVE;
				CLANG_CXX_LANGUAGE_STANDARD = "gnu++20";
				CLANG_ENABLE_MODULES = YES;
				CLANG_ENABLE_OBJC_ARC = YES;
				CLANG_ENABLE_OBJC_WEAK = YES;
				CLANG_WARN_BLOCK_CAPTURE_AUTORELEASING = YES;
				CLANG_WARN_BOOL_CONVERSION = YES;
				CLANG_WARN_COMMA = YES;
				CLANG_WARN_CONSTANT_CONVERSION = YES;
				CLANG_WARN_DEPRECATED_OBJC_IMPLEMENTATIONS = YES;
				CLANG_WARN_DIRECT_OBJC_ISA_USAGE = YES_ERROR;
				CLANG_WARN_DOCUMENTATION_COMMENTS = YES;
				CLANG_WARN_EMPTY_BODY = YES;
				CLANG_WARN_ENUM_CONVERSION = YES;
				CLANG_WARN_INFINITE_RECURSION = YES;
				CLANG_WARN_INT_CONVERSION = YES;
				CLANG_WARN_NON_LITERAL_NULL_CONVERSION = YES;
				CLANG_WARN_OBJC_IMPLICIT_RETAIN_SELF = YES;
				CLANG_WARN_OBJC_LITERAL_CONVERSION = YES;
				CLANG_WARN_OBJC_ROOT_CLASS = YES_ERROR;
				CLANG_WARN_QUOTED_INCLUDE_IN_FRAMEWORK_HEADER = YES;
				CLANG_WARN_RANGE_LOOP_ANALYSIS = YES;
				CLANG_WARN_STRICT_PROTOTYPES = YES;
				CLANG_WARN_SUSPICIOUS_MOVE = YES;
				CLANG_WARN_UNGUARDED_AVAILABILITY = YES_AGGRESSIVE;
				CLANG_WARN_UNREACHABLE_CODE = YES;
				CLANG_WARN__DUPLICATE_METHOD_MATCH = YES;
				COPY_PHASE_STRIP = NO;
				DEBUG_INFORMATION_FORMAT = dwarf;
				ENABLE_STRICT_OBJC_MSGSEND = YES;
				ENABLE_TESTABILITY = YES;
				GCC_C_LANGUAGE_STANDARD = gnu11;
				GCC_DYNAMIC_NO_PIC = NO;
				GCC_NO_COMMON_BLOCKS = YES;
				GCC_OPTIMIZATION_LEVEL = 0;
				GCC_PREPROCESSOR_DEFINITIONS = (
					"DEBUG=1",
					"$(inherited)",
				);
				GCC_WARN_64_TO_32_BIT_CONVERSION = YES;
				GCC_WARN_ABOUT_RETURN_TYPE = YES_ERROR;
				GCC_WARN_UNDECLARED_SELECTOR = YES;
				GCC_WARN_UNINITIALIZED_AUTOS = YES_AGGRESSIVE;
				GCC_WARN_UNUSED_FUNCTION = YES;
				GCC_WARN_UNUSED_VARIABLE = YES;
				IPHONEOS_DEPLOYMENT_TARGET = 16.1;
				MTL_ENABLE_DEBUG_INFO = INCLUDE_SOURCE;
				MTL_FAST_MATH = YES;
				ONLY_ACTIVE_ARCH = YES;
				SDKROOT = iphoneos;
				SWIFT_ACTIVE_COMPILATION_CONDITIONS = DEBUG;
				SWIFT_OPTIMIZATION_LEVEL = "-Onone";
			};
			name = Debug;
		};
		AB8A0C6429EE8850003C88FA /* Release */ = {
			isa = XCBuildConfiguration;
			buildSettings = {
				ALWAYS_SEARCH_USER_PATHS = NO;
				CLANG_ANALYZER_NONNULL = YES;
				CLANG_ANALYZER_NUMBER_OBJECT_CONVERSION = YES_AGGRESSIVE;
				CLANG_CXX_LANGUAGE_STANDARD = "gnu++20";
				CLANG_ENABLE_MODULES = YES;
				CLANG_ENABLE_OBJC_ARC = YES;
				CLANG_ENABLE_OBJC_WEAK = YES;
				CLANG_WARN_BLOCK_CAPTURE_AUTORELEASING = YES;
				CLANG_WARN_BOOL_CONVERSION = YES;
				CLANG_WARN_COMMA = YES;
				CLANG_WARN_CONSTANT_CONVERSION = YES;
				CLANG_WARN_DEPRECATED_OBJC_IMPLEMENTATIONS = YES;
				CLANG_WARN_DIRECT_OBJC_ISA_USAGE = YES_ERROR;
				CLANG_WARN_DOCUMENTATION_COMMENTS = YES;
				CLANG_WARN_EMPTY_BODY = YES;
				CLANG_WARN_ENUM_CONVERSION = YES;
				CLANG_WARN_INFINITE_RECURSION = YES;
				CLANG_WARN_INT_CONVERSION = YES;
				CLANG_WARN_NON_LITERAL_NULL_CONVERSION = YES;
				CLANG_WARN_OBJC_IMPLICIT_RETAIN_SELF = YES;
				CLANG_WARN_OBJC_LITERAL_CONVERSION = YES;
				CLANG_WARN_OBJC_ROOT_CLASS = YES_ERROR;
				CLANG_WARN_QUOTED_INCLUDE_IN_FRAMEWORK_HEADER = YES;
				CLANG_WARN_RANGE_LOOP_ANALYSIS = YES;
				CLANG_WARN_STRICT_PROTOTYPES = YES;
				CLANG_WARN_SUSPICIOUS_MOVE = YES;
				CLANG_WARN_UNGUARDED_AVAILABILITY = YES_AGGRESSIVE;
				CLANG_WARN_UNREACHABLE_CODE = YES;
				CLANG_WARN__DUPLICATE_METHOD_MATCH = YES;
				COPY_PHASE_STRIP = NO;
				DEBUG_INFORMATION_FORMAT = "dwarf-with-dsym";
				ENABLE_NS_ASSERTIONS = NO;
				ENABLE_STRICT_OBJC_MSGSEND = YES;
				GCC_C_LANGUAGE_STANDARD = gnu11;
				GCC_NO_COMMON_BLOCKS = YES;
				GCC_WARN_64_TO_32_BIT_CONVERSION = YES;
				GCC_WARN_ABOUT_RETURN_TYPE = YES_ERROR;
				GCC_WARN_UNDECLARED_SELECTOR = YES;
				GCC_WARN_UNINITIALIZED_AUTOS = YES_AGGRESSIVE;
				GCC_WARN_UNUSED_FUNCTION = YES;
				GCC_WARN_UNUSED_VARIABLE = YES;
				IPHONEOS_DEPLOYMENT_TARGET = 16.1;
				MTL_ENABLE_DEBUG_INFO = NO;
				MTL_FAST_MATH = YES;
				SDKROOT = iphoneos;
				SWIFT_COMPILATION_MODE = wholemodule;
				SWIFT_OPTIMIZATION_LEVEL = "-O";
				VALIDATE_PRODUCT = YES;
			};
			name = Release;
		};
		AB8A0C6629EE8850003C88FA /* Debug */ = {
			isa = XCBuildConfiguration;
			buildSettings = {
				ASSETCATALOG_COMPILER_APPICON_NAME = AppIcon;
				ASSETCATALOG_COMPILER_GLOBAL_ACCENT_COLOR_NAME = AccentColor;
				CODE_SIGN_STYLE = Automatic;
				CURRENT_PROJECT_VERSION = 1;
				DEVELOPMENT_ASSET_PATHS = "\"swiftui-showcase-unittest/Preview Content\"";
				DEVELOPMENT_TEAM = V7C3R87KYJ;
				ENABLE_PREVIEWS = YES;
				GENERATE_INFOPLIST_FILE = YES;
				INFOPLIST_KEY_UIApplicationSceneManifest_Generation = YES;
				INFOPLIST_KEY_UIApplicationSupportsIndirectInputEvents = YES;
				INFOPLIST_KEY_UILaunchScreen_Generation = YES;
				INFOPLIST_KEY_UISupportedInterfaceOrientations_iPad = "UIInterfaceOrientationPortrait UIInterfaceOrientationPortraitUpsideDown UIInterfaceOrientationLandscapeLeft UIInterfaceOrientationLandscapeRight";
				INFOPLIST_KEY_UISupportedInterfaceOrientations_iPhone = "UIInterfaceOrientationPortrait UIInterfaceOrientationLandscapeLeft UIInterfaceOrientationLandscapeRight";
				LD_RUNPATH_SEARCH_PATHS = (
					"$(inherited)",
					"@executable_path/Frameworks",
				);
				MARKETING_VERSION = 1.0;
				PRODUCT_BUNDLE_IDENTIFIER = "com.archlime-solutions.swiftui-showcase-unittest";
				PRODUCT_NAME = "$(TARGET_NAME)";
				SWIFT_EMIT_LOC_STRINGS = YES;
				SWIFT_VERSION = 5.0;
				TARGETED_DEVICE_FAMILY = "1,2";
			};
			name = Debug;
		};
		AB8A0C6729EE8850003C88FA /* Release */ = {
			isa = XCBuildConfiguration;
			buildSettings = {
				ASSETCATALOG_COMPILER_APPICON_NAME = AppIcon;
				ASSETCATALOG_COMPILER_GLOBAL_ACCENT_COLOR_NAME = AccentColor;
				CODE_SIGN_STYLE = Automatic;
				CURRENT_PROJECT_VERSION = 1;
				DEVELOPMENT_ASSET_PATHS = "\"swiftui-showcase-unittest/Preview Content\"";
				DEVELOPMENT_TEAM = V7C3R87KYJ;
				ENABLE_PREVIEWS = YES;
				GENERATE_INFOPLIST_FILE = YES;
				INFOPLIST_KEY_UIApplicationSceneManifest_Generation = YES;
				INFOPLIST_KEY_UIApplicationSupportsIndirectInputEvents = YES;
				INFOPLIST_KEY_UILaunchScreen_Generation = YES;
				INFOPLIST_KEY_UISupportedInterfaceOrientations_iPad = "UIInterfaceOrientationPortrait UIInterfaceOrientationPortraitUpsideDown UIInterfaceOrientationLandscapeLeft UIInterfaceOrientationLandscapeRight";
				INFOPLIST_KEY_UISupportedInterfaceOrientations_iPhone = "UIInterfaceOrientationPortrait UIInterfaceOrientationLandscapeLeft UIInterfaceOrientationLandscapeRight";
				LD_RUNPATH_SEARCH_PATHS = (
					"$(inherited)",
					"@executable_path/Frameworks",
				);
				MARKETING_VERSION = 1.0;
				PRODUCT_BUNDLE_IDENTIFIER = "com.archlime-solutions.swiftui-showcase-unittest";
				PRODUCT_NAME = "$(TARGET_NAME)";
				SWIFT_EMIT_LOC_STRINGS = YES;
				SWIFT_VERSION = 5.0;
				TARGETED_DEVICE_FAMILY = "1,2";
			};
			name = Release;
		};
		AB8A0C6929EE8850003C88FA /* Debug */ = {
			isa = XCBuildConfiguration;
			buildSettings = {
				ALWAYS_EMBED_SWIFT_STANDARD_LIBRARIES = YES;
				BUNDLE_LOADER = "$(TEST_HOST)";
				CODE_SIGN_STYLE = Automatic;
				CURRENT_PROJECT_VERSION = 1;
				DEVELOPMENT_TEAM = V7C3R87KYJ;
				GENERATE_INFOPLIST_FILE = YES;
				IPHONEOS_DEPLOYMENT_TARGET = 16.1;
				MARKETING_VERSION = 1.0;
				PRODUCT_BUNDLE_IDENTIFIER = "com.archlime-solutions.swiftui-showcase-unittestTests";
				PRODUCT_NAME = "$(TARGET_NAME)";
				SWIFT_EMIT_LOC_STRINGS = NO;
				SWIFT_VERSION = 5.0;
				TARGETED_DEVICE_FAMILY = "1,2";
				TEST_HOST = "$(BUILT_PRODUCTS_DIR)/swiftui-showcase-unittest.app/$(BUNDLE_EXECUTABLE_FOLDER_PATH)/swiftui-showcase-unittest";
			};
			name = Debug;
		};
		AB8A0C6A29EE8850003C88FA /* Release */ = {
			isa = XCBuildConfiguration;
			buildSettings = {
				ALWAYS_EMBED_SWIFT_STANDARD_LIBRARIES = YES;
				BUNDLE_LOADER = "$(TEST_HOST)";
				CODE_SIGN_STYLE = Automatic;
				CURRENT_PROJECT_VERSION = 1;
				DEVELOPMENT_TEAM = V7C3R87KYJ;
				GENERATE_INFOPLIST_FILE = YES;
				IPHONEOS_DEPLOYMENT_TARGET = 16.1;
				MARKETING_VERSION = 1.0;
				PRODUCT_BUNDLE_IDENTIFIER = "com.archlime-solutions.swiftui-showcase-unittestTests";
				PRODUCT_NAME = "$(TARGET_NAME)";
				SWIFT_EMIT_LOC_STRINGS = NO;
				SWIFT_VERSION = 5.0;
				TARGETED_DEVICE_FAMILY = "1,2";
				TEST_HOST = "$(BUILT_PRODUCTS_DIR)/swiftui-showcase-unittest.app/$(BUNDLE_EXECUTABLE_FOLDER_PATH)/swiftui-showcase-unittest";
			};
			name = Release;
		};
		AB8A0C6C29EE8850003C88FA /* Debug */ = {
			isa = XCBuildConfiguration;
			buildSettings = {
				ALWAYS_EMBED_SWIFT_STANDARD_LIBRARIES = YES;
				CODE_SIGN_STYLE = Automatic;
				CURRENT_PROJECT_VERSION = 1;
				DEVELOPMENT_TEAM = V7C3R87KYJ;
				GENERATE_INFOPLIST_FILE = YES;
				MARKETING_VERSION = 1.0;
				PRODUCT_BUNDLE_IDENTIFIER = "com.archlime-solutions.swiftui-showcase-unittestUITests";
				PRODUCT_NAME = "$(TARGET_NAME)";
				SWIFT_EMIT_LOC_STRINGS = NO;
				SWIFT_VERSION = 5.0;
				TARGETED_DEVICE_FAMILY = "1,2";
				TEST_TARGET_NAME = "swiftui-showcase-unittest";
			};
			name = Debug;
		};
		AB8A0C6D29EE8850003C88FA /* Release */ = {
			isa = XCBuildConfiguration;
			buildSettings = {
				ALWAYS_EMBED_SWIFT_STANDARD_LIBRARIES = YES;
				CODE_SIGN_STYLE = Automatic;
				CURRENT_PROJECT_VERSION = 1;
				DEVELOPMENT_TEAM = V7C3R87KYJ;
				GENERATE_INFOPLIST_FILE = YES;
				MARKETING_VERSION = 1.0;
				PRODUCT_BUNDLE_IDENTIFIER = "com.archlime-solutions.swiftui-showcase-unittestUITests";
				PRODUCT_NAME = "$(TARGET_NAME)";
				SWIFT_EMIT_LOC_STRINGS = NO;
				SWIFT_VERSION = 5.0;
				TARGETED_DEVICE_FAMILY = "1,2";
				TEST_TARGET_NAME = "swiftui-showcase-unittest";
			};
			name = Release;
		};
/* End XCBuildConfiguration section */

/* Begin XCConfigurationList section */
		AB8A0C3C29EE884F003C88FA /* Build configuration list for PBXProject "swiftui-showcase-unittest" */ = {
			isa = XCConfigurationList;
			buildConfigurations = (
				AB8A0C6329EE8850003C88FA /* Debug */,
				AB8A0C6429EE8850003C88FA /* Release */,
			);
			defaultConfigurationIsVisible = 0;
			defaultConfigurationName = Release;
		};
		AB8A0C6529EE8850003C88FA /* Build configuration list for PBXNativeTarget "swiftui-showcase-unittest" */ = {
			isa = XCConfigurationList;
			buildConfigurations = (
				AB8A0C6629EE8850003C88FA /* Debug */,
				AB8A0C6729EE8850003C88FA /* Release */,
			);
			defaultConfigurationIsVisible = 0;
			defaultConfigurationName = Release;
		};
		AB8A0C6829EE8850003C88FA /* Build configuration list for PBXNativeTarget "swiftui-showcase-unittestTests" */ = {
			isa = XCConfigurationList;
			buildConfigurations = (
				AB8A0C6929EE8850003C88FA /* Debug */,
				AB8A0C6A29EE8850003C88FA /* Release */,
			);
			defaultConfigurationIsVisible = 0;
			defaultConfigurationName = Release;
		};
		AB8A0C6B29EE8850003C88FA /* Build configuration list for PBXNativeTarget "swiftui-showcase-unittestUITests" */ = {
			isa = XCConfigurationList;
			buildConfigurations = (
				AB8A0C6C29EE8850003C88FA /* Debug */,
				AB8A0C6D29EE8850003C88FA /* Release */,
			);
			defaultConfigurationIsVisible = 0;
			defaultConfigurationName = Release;
		};
/* End XCConfigurationList section */
	};
	rootObject = AB8A0C3929EE884F003C88FA /* Project object */;
}
